
Microsoft Visual Studio Solution File, Format Version 12.00
# Visual Studio 15
VisualStudioVersion = 15.0.28010.2041
MinimumVisualStudioVersion = 10.0.40219.1
Project("{FAE04EC0-301F-11D3-BF4B-00C04F79EFBC}") = "SocketUtils", "Socket\SocketUtils.csproj", "{F24178C2-6662-4C1D-B5F8-8F0D3EE5A9EC}"
EndProject
Project("{FAE04EC0-301F-11D3-BF4B-00C04F79EFBC}") = "MySocketServer", "MySocketServer\MySocketServer.csproj", "{F71203AD-EF86-47C5-87D3-FA32DD640214}"
EndProject
Project("{FAE04EC0-301F-11D3-BF4B-00C04F79EFBC}") = "MySocketClient", "MySocketClient\MySocketClient.csproj", "{82B6902F-A8A7-4805-8CC5-68775E764B7C}"
EndProject
Global
	GlobalSection(SolutionConfigurationPlatforms) = preSolution
		Debug|Any CPU = Debug|Any CPU
		Release|Any CPU = Release|Any CPU
	EndGlobalSection
	GlobalSection(ProjectConfigurationPlatforms) = postSolution
		{F24178C2-6662-4C1D-B5F8-8F0D3EE5A9EC}.Debug|Any CPU.ActiveCfg = Debug|Any CPU
		{F24178C2-6662-4C1D-B5F8-8F0D3EE5A9EC}.Debug|Any CPU.Build.0 = Debug|Any CPU
		{F24178C2-6662-4C1D-B5F8-8F0D3EE5A9EC}.Release|Any CPU.ActiveCfg = Release|Any CPU
		{F24178C2-6662-4C1D-B5F8-8F0D3EE5A9EC}.Release|Any CPU.Build.0 = Release|Any CPU
		{F71203AD-EF86-47C5-87D3-FA32DD640214}.Debug|Any CPU.ActiveCfg = Debug|Any CPU
		{F71203AD-EF86-47C5-87D3-FA32DD640214}.Debug|Any CPU.Build.0 = Debug|Any CPU
		{F71203AD-EF86-47C5-87D3-FA32DD640214}.Release|Any CPU.ActiveCfg = Release|Any CPU
		{F71203AD-EF86-47C5-87D3-FA32DD640214}.Release|Any CPU.Build.0 = Release|Any CPU
		{82B6902F-A8A7-4805-8CC5-68775E764B7C}.Debug|Any CPU.ActiveCfg = Debug|Any CPU
		{82B6902F-A8A7-4805-8CC5-68775E764B7C}.Debug|Any CPU.Build.0 = Debug|Any CPU
		{82B6902F-A8A7-4805-8CC5-68775E764B7C}.Release|Any CPU.ActiveCfg = Release|Any CPU
		{82B6902F-A8A7-4805-8CC5-68775E764B7C}.Release|Any CPU.Build.0 = Release|Any CPU
	EndGlobalSection
	GlobalSection(SolutionProperties) = preSolution
		HideSolutionNode = FALSE
	EndGlobalSection
	GlobalSection(ExtensibilityGlobals) = postSolution
		SolutionGuid = {94619C43-A775-4EF3-B8E4-72D882FCFFC0}
	EndGlobalSection
EndGlobal
